[[package]]
name = "redis"
version = "4.5.3"
description = "Python client for Redis database and key-value store"
category = "main"
optional = false
python-versions = ">=3.7"

[package.extras]
hiredis = ["hiredis (>=1.0.0)"]
ocsp = ["cryptography (>=36.0.1)", "pyopenssl (==20.0.1)", "requests (>=2.26.0)"]

[metadata]
lock-version = "1.1"
python-versions = "^3.11"
content-hash = "cfb46e0ca2882a1f072ce1c69d99c5bb21c27fe3a9238d7f81f098c3b26ead1c"

[metadata.files]
redis = [
    {file = "redis-4.5.3-py3-none-any.whl", hash = "sha256:7df17a0a2b72a4c8895b462dd07616c51b1dcb48fdd7ecb7b6f4bf39ecb2e94e"},
    {file = "redis-4.5.3.tar.gz", hash = "sha256:56732e156fe31801c4f43396bd3ca0c2a7f6f83d7936798531b9848d103381aa"},
]
